<?xml version="1.0" encoding="utf-8"?>
<Project ToolsVersion="4.0" xmlns="http://schemas.microsoft.com/developer/msbuild/2003">
  <ItemGroup>
    <Filter Include="win32">
      <UniqueIdentifier>{84a8ebd7-7cf0-47f6-b75e-d441df67da40}</UniqueIdentifier>
    </Filter>
    <Filter Include="resource">
      <UniqueIdentifier>{715254bc-d70b-4ec5-bf29-467dd3ace079}</UniqueIdentifier>
    </Filter>
    <Filter Include="src">
      <UniqueIdentifier>{bb6c862e-70e9-49d9-81b7-3829a6f50471}</UniqueIdentifier>
    </Filter>
    <Filter Include="src\Scene">
      <UniqueIdentifier>{49c71fff-b981-419d-b350-abb83079ee9d}</UniqueIdentifier>
    </Filter>
    <Filter Include="src\MainScene">
      <UniqueIdentifier>{912ce761-df25-404b-bc98-9f7ec2376007}</UniqueIdentifier>
    </Filter>
    <Filter Include="src\lab">
      <UniqueIdentifier>{a7346067-e473-4f4b-8530-0a06efe1a290}</UniqueIdentifier>
    </Filter>
    <Filter Include="src\lab\Magicite（2d横版动作类）">
      <UniqueIdentifier>{c3ef88aa-690c-4a61-8a6b-a79b8d0c82a5}</UniqueIdentifier>
    </Filter>
    <Filter Include="src\lab\Veritas（tilemap式RPG）">
      <UniqueIdentifier>{fbf5b504-9e28-4a3e-8cdd-48435b3edd76}</UniqueIdentifier>
    </Filter>
    <Filter Include="src\lab\Aequitas（音乐类）">
      <UniqueIdentifier>{cea8e61d-40b6-48dd-8ab7-de1774010145}</UniqueIdentifier>
    </Filter>
    <Filter Include="src\Component">
      <UniqueIdentifier>{91c0d9a6-9a82-4ea3-af2a-834d47ceaf96}</UniqueIdentifier>
    </Filter>
    <Filter Include="src\base">
      <UniqueIdentifier>{4a371b1d-c249-443e-bbd5-322d5baaaaa9}</UniqueIdentifier>
    </Filter>
    <Filter Include="src\lab\Magicite（2d横版动作类）\physics">
      <UniqueIdentifier>{c3d03512-2baf-4275-8360-8544c3eb4a32}</UniqueIdentifier>
    </Filter>
    <Filter Include="src\lab\Magicite（2d横版动作类）\layer">
      <UniqueIdentifier>{163eaff7-2841-44c7-add7-3b12bd60cead}</UniqueIdentifier>
    </Filter>
    <Filter Include="src\lab\Magicite（2d横版动作类）\scene">
      <UniqueIdentifier>{6725e6a5-ae68-48ea-9ec8-3643c9c87ae2}</UniqueIdentifier>
    </Filter>
    <Filter Include="src\lab\Magicite（2d横版动作类）\living">
      <UniqueIdentifier>{4af60782-846f-4c6d-b953-5a298b440ea0}</UniqueIdentifier>
    </Filter>
    <Filter Include="src\lab\Magicite（2d横版动作类）\Object">
      <UniqueIdentifier>{58d50446-47d9-490c-b1d1-d818f3e68f4e}</UniqueIdentifier>
    </Filter>
    <Filter Include="src\lab\Magicite（2d横版动作类）\pitfall">
      <UniqueIdentifier>{55fab57d-a6fc-44c4-9ef8-3ac6e29a6ea0}</UniqueIdentifier>
    </Filter>
    <Filter Include="src\lab\Magicite（2d横版动作类）\Manager">
      <UniqueIdentifier>{84644294-323e-40c6-af0b-d96074115c8e}</UniqueIdentifier>
    </Filter>
  </ItemGroup>
  <ItemGroup>
    <ClCompile Include="main.cpp">
      <Filter>win32</Filter>
    </ClCompile>
    <ClCompile Include="..\Classes\AppDelegate.cpp">
      <Filter>src</Filter>
    </ClCompile>
    <ClCompile Include="..\Classes\WelcomeScene.cpp">
      <Filter>src\Scene</Filter>
    </ClCompile>
    <ClCompile Include="..\Classes\MainScene.cpp">
      <Filter>src\MainScene</Filter>
    </ClCompile>
    <ClCompile Include="..\Classes\MainBgLayer.cpp">
      <Filter>src\MainScene</Filter>
    </ClCompile>
    <ClCompile Include="..\Classes\MainBasicInfoLayer.cpp">
      <Filter>src\MainScene</Filter>
    </ClCompile>
    <ClCompile Include="..\Classes\MainTabBtnLayer.cpp">
      <Filter>src\MainScene</Filter>
    </ClCompile>
    <ClCompile Include="..\Classes\MainOperatePanel.cpp">
      <Filter>src\MainScene</Filter>
    </ClCompile>
    <ClCompile Include="..\Classes\MainOperateInfoPanel.cpp">
      <Filter>src\MainScene</Filter>
    </ClCompile>
    <ClCompile Include="..\Classes\AequitasScene.cpp">
      <Filter>src\lab\Aequitas（音乐类）</Filter>
    </ClCompile>
    <ClCompile Include="..\Classes\AequitasLayer.cpp">
      <Filter>src\lab\Aequitas（音乐类）</Filter>
    </ClCompile>
    <ClCompile Include="..\Classes\base\MsgCenter.cpp">
      <Filter>src\base</Filter>
    </ClCompile>
    <ClCompile Include="..\Classes\Component\slot.cpp">
      <Filter>src\Component</Filter>
    </ClCompile>
    <ClCompile Include="..\Classes\base\Player.cpp">
      <Filter>src\base</Filter>
    </ClCompile>
    <ClCompile Include="..\Classes\base\bag.cpp">
      <Filter>src\base</Filter>
    </ClCompile>
    <ClCompile Include="..\Classes\GLES-Render.cpp" />
    <ClCompile Include="..\Classes\MagiciteGameContactListener.cpp">
      <Filter>src\lab\Magicite（2d横版动作类）\physics</Filter>
    </ClCompile>
    <ClCompile Include="..\Classes\MagiciteGameLayer.cpp">
      <Filter>src\lab\Magicite（2d横版动作类）\layer</Filter>
    </ClCompile>
    <ClCompile Include="..\Classes\MagiciteGameMap.cpp">
      <Filter>src\lab\Magicite（2d横版动作类）\layer</Filter>
    </ClCompile>
    <ClCompile Include="..\Classes\MagiciteGamePhyLayer.cpp">
      <Filter>src\lab\Magicite（2d横版动作类）\layer</Filter>
    </ClCompile>
    <ClCompile Include="..\Classes\MagiciteGamePause.cpp">
      <Filter>src\lab\Magicite（2d横版动作类）\scene</Filter>
    </ClCompile>
    <ClCompile Include="..\Classes\MagiciteScene.cpp">
      <Filter>src\lab\Magicite（2d横版动作类）\scene</Filter>
    </ClCompile>
    <ClCompile Include="..\Classes\MagiciteGameOver.cpp">
      <Filter>src\lab\Magicite（2d横版动作类）\scene</Filter>
    </ClCompile>
    <ClCompile Include="..\Classes\MagiciteGameWin.cpp">
      <Filter>src\lab\Magicite（2d横版动作类）\scene</Filter>
    </ClCompile>
    <ClCompile Include="..\Classes\MagiciteGameSelectLevel.cpp">
      <Filter>src\lab\Magicite（2d横版动作类）\scene</Filter>
    </ClCompile>
    <ClCompile Include="..\Classes\MagiciteBeginMenu.cpp">
      <Filter>src\lab\Magicite（2d横版动作类）\scene</Filter>
    </ClCompile>
    <ClCompile Include="..\Classes\MagiciteGameChicken.cpp">
      <Filter>src\lab\Magicite（2d横版动作类）\living</Filter>
    </ClCompile>
    <ClCompile Include="..\Classes\MagiciteGameHuman.cpp">
      <Filter>src\lab\Magicite（2d横版动作类）\living</Filter>
    </ClCompile>
    <ClCompile Include="..\Classes\MagiciteGameLiving.cpp">
      <Filter>src\lab\Magicite（2d横版动作类）\living</Filter>
    </ClCompile>
    <ClCompile Include="..\Classes\MagiciteGameMoveAbleLiving.cpp">
      <Filter>src\lab\Magicite（2d横版动作类）\living</Filter>
    </ClCompile>
    <ClCompile Include="..\Classes\MagiciteGameObject.cpp">
      <Filter>src\lab\Magicite（2d横版动作类）\Object</Filter>
    </ClCompile>
    <ClCompile Include="..\Classes\MagiciteGameMoveAble.cpp">
      <Filter>src\lab\Magicite（2d横版动作类）\Object</Filter>
    </ClCompile>
    <ClCompile Include="..\Classes\MagiciteGamePlayer.cpp">
      <Filter>src\lab\Magicite（2d横版动作类）\Object</Filter>
    </ClCompile>
    <ClCompile Include="..\Classes\MagiciteGamePhySprite.cpp">
      <Filter>src\lab\Magicite（2d横版动作类）\physics</Filter>
    </ClCompile>
    <ClCompile Include="..\Classes\MagiciteGamePiranha.cpp">
      <Filter>src\lab\Magicite（2d横版动作类）\living</Filter>
    </ClCompile>
    <ClCompile Include="..\Classes\MagiciteGamePitfall.cpp">
      <Filter>src\lab\Magicite（2d横版动作类）\pitfall</Filter>
    </ClCompile>
    <ClCompile Include="..\Classes\MagiciteGameSpinePitfall.cpp">
      <Filter>src\lab\Magicite（2d横版动作类）\pitfall</Filter>
    </ClCompile>
    <ClCompile Include="..\Classes\MagiciteGameEnemyManager.cpp">
      <Filter>src\lab\Magicite（2d横版动作类）\Manager</Filter>
    </ClCompile>
    <ClCompile Include="..\Classes\MagiciteGamePitfallManager.cpp">
      <Filter>src\lab\Magicite（2d横版动作类）\Manager</Filter>
    </ClCompile>
  </ItemGroup>
  <ItemGroup>
    <ClInclude Include="main.h">
      <Filter>win32</Filter>
    </ClInclude>
    <ClInclude Include="..\Classes\AppDelegate.h">
      <Filter>src</Filter>
    </ClInclude>
    <ClInclude Include="..\Classes\WelcomeScene.h">
      <Filter>src\Scene</Filter>
    </ClInclude>
    <ClInclude Include="..\Classes\MainScene.h">
      <Filter>src\MainScene</Filter>
    </ClInclude>
    <ClInclude Include="..\Classes\MainBgLayer.h">
      <Filter>src\MainScene</Filter>
    </ClInclude>
    <ClInclude Include="..\Classes\MainBasicInfoLayer.h">
      <Filter>src\MainScene</Filter>
    </ClInclude>
    <ClInclude Include="..\Classes\MainTabBtnLayer.h">
      <Filter>src\MainScene</Filter>
    </ClInclude>
    <ClInclude Include="..\Classes\MainOperatePanel.h">
      <Filter>src\MainScene</Filter>
    </ClInclude>
    <ClInclude Include="..\Classes\MainOperateInfoPanel.h">
      <Filter>src\MainScene</Filter>
    </ClInclude>
    <ClInclude Include="..\Classes\AequitasScene.h">
      <Filter>src\lab\Aequitas（音乐类）</Filter>
    </ClInclude>
    <ClInclude Include="..\Classes\AequitasLayer.h">
      <Filter>src\lab\Aequitas（音乐类）</Filter>
    </ClInclude>
    <ClInclude Include="..\Classes\Component\slot.h">
      <Filter>src\Component</Filter>
    </ClInclude>
    <ClInclude Include="..\Classes\base\MsgCenter.h">
      <Filter>src\base</Filter>
    </ClInclude>
    <ClInclude Include="..\Classes\base\Player.h">
      <Filter>src\base</Filter>
    </ClInclude>
    <ClInclude Include="..\Classes\base\bag.h">
      <Filter>src\base</Filter>
    </ClInclude>
    <ClInclude Include="..\Classes\base\ItemObject.h">
      <Filter>src\base</Filter>
    </ClInclude>
    <ClInclude Include="..\Classes\GLES-Render.h" />
    <ClInclude Include="..\Classes\MagiciteGameContactListener.h">
      <Filter>src\lab\Magicite（2d横版动作类）\physics</Filter>
    </ClInclude>
    <ClInclude Include="..\Classes\MagiciteGameLayer.h">
      <Filter>src\lab\Magicite（2d横版动作类）\layer</Filter>
    </ClInclude>
    <ClInclude Include="..\Classes\MagiciteGameMap.h">
      <Filter>src\lab\Magicite（2d横版动作类）\layer</Filter>
    </ClInclude>
    <ClInclude Include="..\Classes\MagiciteGamePhyLayer.h">
      <Filter>src\lab\Magicite（2d横版动作类）\layer</Filter>
    </ClInclude>
    <ClInclude Include="..\Classes\MagiciteScene.h">
      <Filter>src\lab\Magicite（2d横版动作类）\scene</Filter>
    </ClInclude>
    <ClInclude Include="..\Classes\MagiciteGamePause.h">
      <Filter>src\lab\Magicite（2d横版动作类）\scene</Filter>
    </ClInclude>
    <ClInclude Include="..\Classes\MagiciteGameOver.h">
      <Filter>src\lab\Magicite（2d横版动作类）\scene</Filter>
    </ClInclude>
    <ClInclude Include="..\Classes\MagiciteGameWin.h">
      <Filter>src\lab\Magicite（2d横版动作类）\scene</Filter>
    </ClInclude>
    <ClInclude Include="..\Classes\MagiciteGameSelectLevel.h">
      <Filter>src\lab\Magicite（2d横版动作类）\scene</Filter>
    </ClInclude>
    <ClInclude Include="..\Classes\MagiciteBeginMenu.h">
      <Filter>src\lab\Magicite（2d横版动作类）\scene</Filter>
    </ClInclude>
    <ClInclude Include="..\Classes\MagiciteGameChicken.h">
      <Filter>src\lab\Magicite（2d横版动作类）\living</Filter>
    </ClInclude>
    <ClInclude Include="..\Classes\MagiciteGameHuman.h">
      <Filter>src\lab\Magicite（2d横版动作类）\living</Filter>
    </ClInclude>
    <ClInclude Include="..\Classes\MagiciteGameLiving.h">
      <Filter>src\lab\Magicite（2d横版动作类）\living</Filter>
    </ClInclude>
    <ClInclude Include="..\Classes\MagiciteGameMoveAbleLiving.h">
      <Filter>src\lab\Magicite（2d横版动作类）\living</Filter>
    </ClInclude>
    <ClInclude Include="..\Classes\MagiciteGameObject.h">
      <Filter>src\lab\Magicite（2d横版动作类）\Object</Filter>
    </ClInclude>
    <ClInclude Include="..\Classes\MagiciteGameMoveAble.h">
      <Filter>src\lab\Magicite（2d横版动作类）\Object</Filter>
    </ClInclude>
    <ClInclude Include="..\Classes\MagiciteGamePlayer.h">
      <Filter>src\lab\Magicite（2d横版动作类）\Object</Filter>
    </ClInclude>
    <ClInclude Include="..\Classes\MagiciteGamePhySprite.h">
      <Filter>src\lab\Magicite（2d横版动作类）\physics</Filter>
    </ClInclude>
    <ClInclude Include="..\Classes\MagiciteGamePiranha.h">
      <Filter>src\lab\Magicite（2d横版动作类）\living</Filter>
    </ClInclude>
    <ClInclude Include="..\Classes\MagiciteGamePitfall.h">
      <Filter>src\lab\Magicite（2d横版动作类）\pitfall</Filter>
    </ClInclude>
    <ClInclude Include="..\Classes\MagiciteGameSpinePitfall.h">
      <Filter>src\lab\Magicite（2d横版动作类）\pitfall</Filter>
    </ClInclude>
    <ClInclude Include="..\Classes\MagiciteGameEnemyManager.h">
      <Filter>src\lab\Magicite（2d横版动作类）\Manager</Filter>
    </ClInclude>
    <ClInclude Include="..\Classes\MagiciteGamePitfallManager.h">
      <Filter>src\lab\Magicite（2d横版动作类）\Manager</Filter>
    </ClInclude>
  </ItemGroup>
  <ItemGroup>
    <ResourceCompile Include="game.rc">
      <Filter>resource</Filter>
    </ResourceCompile>
  </ItemGroup>
</Project>