<?xml version="1.0" encoding="utf-8"?>
<Project ToolsVersion="4.0" xmlns="http://schemas.microsoft.com/developer/msbuild/2003">
  <ItemGroup>
    <Filter Include="win32">
      <UniqueIdentifier>{84a8ebd7-7cf0-47f6-b75e-d441df67da40}</UniqueIdentifier>
    </Filter>
    <Filter Include="resource">
      <UniqueIdentifier>{715254bc-d70b-4ec5-bf29-467dd3ace079}</UniqueIdentifier>
    </Filter>
    <Filter Include="src">
      <UniqueIdentifier>{bb6c862e-70e9-49d9-81b7-3829a6f50471}</UniqueIdentifier>
    </Filter>
    <Filter Include="src\Scene">
      <UniqueIdentifier>{49c71fff-b981-419d-b350-abb83079ee9d}</UniqueIdentifier>
    </Filter>
    <Filter Include="src\MainScene">
      <UniqueIdentifier>{912ce761-df25-404b-bc98-9f7ec2376007}</UniqueIdentifier>
    </Filter>
    <Filter Include="src\lab">
      <UniqueIdentifier>{a7346067-e473-4f4b-8530-0a06efe1a290}</UniqueIdentifier>
    </Filter>
    <Filter Include="src\lab\Veritas（tilemap式RPG）">
      <UniqueIdentifier>{fbf5b504-9e28-4a3e-8cdd-48435b3edd76}</UniqueIdentifier>
    </Filter>
    <Filter Include="src\lab\Aequitas（音乐类）">
      <UniqueIdentifier>{cea8e61d-40b6-48dd-8ab7-de1774010145}</UniqueIdentifier>
    </Filter>
    <Filter Include="src\Component">
      <UniqueIdentifier>{91c0d9a6-9a82-4ea3-af2a-834d47ceaf96}</UniqueIdentifier>
    </Filter>
    <Filter Include="src\base">
      <UniqueIdentifier>{4a371b1d-c249-443e-bbd5-322d5baaaaa9}</UniqueIdentifier>
    </Filter>
    <Filter Include="Magicite">
      <UniqueIdentifier>{c3ef88aa-690c-4a61-8a6b-a79b8d0c82a5}</UniqueIdentifier>
    </Filter>
    <Filter Include="Magicite\Layer">
      <UniqueIdentifier>{163eaff7-2841-44c7-add7-3b12bd60cead}</UniqueIdentifier>
    </Filter>
    <Filter Include="Magicite\Physics">
      <UniqueIdentifier>{c3d03512-2baf-4275-8360-8544c3eb4a32}</UniqueIdentifier>
    </Filter>
    <Filter Include="Magicite\Scene">
      <UniqueIdentifier>{6725e6a5-ae68-48ea-9ec8-3643c9c87ae2}</UniqueIdentifier>
    </Filter>
    <Filter Include="Magicite\GameLogic">
      <UniqueIdentifier>{e13bb620-d645-4863-8c1b-8cc7de16b762}</UniqueIdentifier>
    </Filter>
    <Filter Include="Magicite\GameLogic\Effect">
      <UniqueIdentifier>{c7bc1e0e-3652-4070-ae07-57f15329dfb5}</UniqueIdentifier>
    </Filter>
    <Filter Include="Magicite\GameLogic\Effect\Create">
      <UniqueIdentifier>{619f5c2f-54a2-49b0-b953-4f8a85714c68}</UniqueIdentifier>
    </Filter>
    <Filter Include="Magicite\GameLogic\Effect\Value">
      <UniqueIdentifier>{17d561c4-cc81-4809-a88a-b7f93c541f0c}</UniqueIdentifier>
    </Filter>
    <Filter Include="Magicite\GameLogic\Object">
      <UniqueIdentifier>{58d50446-47d9-490c-b1d1-d818f3e68f4e}</UniqueIdentifier>
    </Filter>
    <Filter Include="Magicite\GameLogic\Object\Living">
      <UniqueIdentifier>{4af60782-846f-4c6d-b953-5a298b440ea0}</UniqueIdentifier>
    </Filter>
    <Filter Include="Magicite\GameLogic\Object\Pitfall">
      <UniqueIdentifier>{55fab57d-a6fc-44c4-9ef8-3ac6e29a6ea0}</UniqueIdentifier>
    </Filter>
    <Filter Include="Magicite\GameLogic\Manager">
      <UniqueIdentifier>{84644294-323e-40c6-af0b-d96074115c8e}</UniqueIdentifier>
    </Filter>
    <Filter Include="Magicite\GameLogic\Object\Ammo">
      <UniqueIdentifier>{e0f355ed-a9e5-4eae-b700-5e36624b87a4}</UniqueIdentifier>
    </Filter>
    <Filter Include="Magicite\GameLogic\Object\Pet">
      <UniqueIdentifier>{8848931e-422d-480e-a237-d3a3cb222541}</UniqueIdentifier>
    </Filter>
  </ItemGroup>
  <ItemGroup>
    <ClCompile Include="main.cpp">
      <Filter>win32</Filter>
    </ClCompile>
    <ClCompile Include="..\Classes\AppDelegate.cpp">
      <Filter>src</Filter>
    </ClCompile>
    <ClCompile Include="..\Classes\WelcomeScene.cpp">
      <Filter>src\Scene</Filter>
    </ClCompile>
    <ClCompile Include="..\Classes\MainScene.cpp">
      <Filter>src\MainScene</Filter>
    </ClCompile>
    <ClCompile Include="..\Classes\MainBgLayer.cpp">
      <Filter>src\MainScene</Filter>
    </ClCompile>
    <ClCompile Include="..\Classes\MainBasicInfoLayer.cpp">
      <Filter>src\MainScene</Filter>
    </ClCompile>
    <ClCompile Include="..\Classes\MainTabBtnLayer.cpp">
      <Filter>src\MainScene</Filter>
    </ClCompile>
    <ClCompile Include="..\Classes\MainOperatePanel.cpp">
      <Filter>src\MainScene</Filter>
    </ClCompile>
    <ClCompile Include="..\Classes\MainOperateInfoPanel.cpp">
      <Filter>src\MainScene</Filter>
    </ClCompile>
    <ClCompile Include="..\Classes\AequitasScene.cpp">
      <Filter>src\lab\Aequitas（音乐类）</Filter>
    </ClCompile>
    <ClCompile Include="..\Classes\AequitasLayer.cpp">
      <Filter>src\lab\Aequitas（音乐类）</Filter>
    </ClCompile>
    <ClCompile Include="..\Classes\base\MsgCenter.cpp">
      <Filter>src\base</Filter>
    </ClCompile>
    <ClCompile Include="..\Classes\Component\slot.cpp">
      <Filter>src\Component</Filter>
    </ClCompile>
    <ClCompile Include="..\Classes\base\Player.cpp">
      <Filter>src\base</Filter>
    </ClCompile>
    <ClCompile Include="..\Classes\base\bag.cpp">
      <Filter>src\base</Filter>
    </ClCompile>
    <ClCompile Include="..\Classes\GLES-Render.cpp" />
    <ClCompile Include="..\Classes\MagiciteGameContactListener.cpp">
      <Filter>Magicite\Physics</Filter>
    </ClCompile>
    <ClCompile Include="..\Classes\MagiciteGameLayer.cpp">
      <Filter>Magicite\Layer</Filter>
    </ClCompile>
    <ClCompile Include="..\Classes\MagiciteGameMap.cpp">
      <Filter>Magicite\Layer</Filter>
    </ClCompile>
    <ClCompile Include="..\Classes\MagiciteGamePhyLayer.cpp">
      <Filter>Magicite\Layer</Filter>
    </ClCompile>
    <ClCompile Include="..\Classes\MagiciteGamePause.cpp">
      <Filter>Magicite\Scene</Filter>
    </ClCompile>
    <ClCompile Include="..\Classes\MagiciteScene.cpp">
      <Filter>Magicite\Scene</Filter>
    </ClCompile>
    <ClCompile Include="..\Classes\MagiciteGameOver.cpp">
      <Filter>Magicite\Scene</Filter>
    </ClCompile>
    <ClCompile Include="..\Classes\MagiciteGameWin.cpp">
      <Filter>Magicite\Scene</Filter>
    </ClCompile>
    <ClCompile Include="..\Classes\MagiciteGameSelectLevel.cpp">
      <Filter>Magicite\Scene</Filter>
    </ClCompile>
    <ClCompile Include="..\Classes\MagiciteBeginMenu.cpp">
      <Filter>Magicite\Scene</Filter>
    </ClCompile>
    <ClCompile Include="..\Classes\MagiciteGameChicken.cpp">
      <Filter>Magicite\GameLogic\Object\Living</Filter>
    </ClCompile>
    <ClCompile Include="..\Classes\MagiciteGameHuman.cpp">
      <Filter>Magicite\GameLogic\Object\Living</Filter>
    </ClCompile>
    <ClCompile Include="..\Classes\MagiciteGameLiving.cpp">
      <Filter>Magicite\GameLogic\Object\Living</Filter>
    </ClCompile>
    <ClCompile Include="..\Classes\MagiciteGameMoveAbleLiving.cpp">
      <Filter>Magicite\GameLogic\Object\Living</Filter>
    </ClCompile>
    <ClCompile Include="..\Classes\MagiciteGameObject.cpp">
      <Filter>Magicite\GameLogic\Object</Filter>
    </ClCompile>
    <ClCompile Include="..\Classes\MagiciteGameMoveAble.cpp">
      <Filter>Magicite\GameLogic\Object</Filter>
    </ClCompile>
    <ClCompile Include="..\Classes\MagiciteGamePlayer.cpp">
      <Filter>Magicite\GameLogic\Object</Filter>
    </ClCompile>
    <ClCompile Include="..\Classes\MagiciteGamePhySprite.cpp">
      <Filter>Magicite\Physics</Filter>
    </ClCompile>
    <ClCompile Include="..\Classes\MagiciteGamePiranha.cpp">
      <Filter>Magicite\GameLogic\Object\Living</Filter>
    </ClCompile>
    <ClCompile Include="..\Classes\MagiciteGamePitfall.cpp">
      <Filter>Magicite\GameLogic\Object\Pitfall</Filter>
    </ClCompile>
    <ClCompile Include="..\Classes\MagiciteGameSpinePitfall.cpp">
      <Filter>Magicite\GameLogic\Object\Pitfall</Filter>
    </ClCompile>
    <ClCompile Include="..\Classes\AequitasKeyMap.cpp">
      <Filter>src\lab\Aequitas（音乐类）</Filter>
    </ClCompile>
    <ClCompile Include="..\Classes\MagiciteGameContact.cpp">
      <Filter>Magicite\Physics</Filter>
    </ClCompile>
    <ClCompile Include="..\Classes\MagiciteGamePhyWorld.cpp">
      <Filter>Magicite\Physics</Filter>
    </ClCompile>
    <ClCompile Include="..\Classes\MagiciteGameControlAble.cpp">
      <Filter>Magicite\GameLogic\Object</Filter>
    </ClCompile>
    <ClCompile Include="..\Classes\MagiciteGameSlime.cpp">
      <Filter>Magicite\GameLogic\Object\Living</Filter>
    </ClCompile>
    <ClCompile Include="..\Classes\MagiciteGameSheep.cpp">
      <Filter>Magicite\GameLogic\Object\Living</Filter>
    </ClCompile>
    <ClCompile Include="..\Classes\MagiciteGameAmmo.cpp">
      <Filter>Magicite\GameLogic\Object\Ammo</Filter>
    </ClCompile>
    <ClCompile Include="..\Classes\MagiciteGameFireball.cpp">
      <Filter>Magicite\GameLogic\Object\Ammo</Filter>
    </ClCompile>
    <ClCompile Include="..\Classes\MagiciteGaemFactoryMethod.cpp">
      <Filter>Magicite\GameLogic\Manager</Filter>
    </ClCompile>
    <ClCompile Include="..\Classes\MagiciteEffectSpeedUp.cpp">
      <Filter>Magicite\GameLogic\Effect\Value</Filter>
    </ClCompile>
    <ClCompile Include="..\Classes\MagiciteEffectJumpHigh.cpp">
      <Filter>Magicite\GameLogic\Effect\Value</Filter>
    </ClCompile>
    <ClCompile Include="..\Classes\MagiciteEffectSprint.cpp">
      <Filter>Magicite\GameLogic\Effect\Value</Filter>
    </ClCompile>
    <ClCompile Include="..\Classes\MagiciteGameAcid.cpp">
      <Filter>Magicite\GameLogic\Object\Ammo</Filter>
    </ClCompile>
    <ClCompile Include="..\Classes\MagiciteGameDirt.cpp">
      <Filter>Magicite\GameLogic\Object\Living</Filter>
    </ClCompile>
    <ClCompile Include="..\Classes\MagiciteGamePet.cpp">
      <Filter>Magicite\GameLogic\Object\Pet</Filter>
    </ClCompile>
    <ClCompile Include="..\Classes\MagiciteGameIncubator.cpp">
      <Filter>Magicite\GameLogic\Object\Pet</Filter>
    </ClCompile>
  </ItemGroup>
  <ItemGroup>
    <ClInclude Include="main.h">
      <Filter>win32</Filter>
    </ClInclude>
    <ClInclude Include="..\Classes\AppDelegate.h">
      <Filter>src</Filter>
    </ClInclude>
    <ClInclude Include="..\Classes\WelcomeScene.h">
      <Filter>src\Scene</Filter>
    </ClInclude>
    <ClInclude Include="..\Classes\MainScene.h">
      <Filter>src\MainScene</Filter>
    </ClInclude>
    <ClInclude Include="..\Classes\MainBgLayer.h">
      <Filter>src\MainScene</Filter>
    </ClInclude>
    <ClInclude Include="..\Classes\MainBasicInfoLayer.h">
      <Filter>src\MainScene</Filter>
    </ClInclude>
    <ClInclude Include="..\Classes\MainTabBtnLayer.h">
      <Filter>src\MainScene</Filter>
    </ClInclude>
    <ClInclude Include="..\Classes\MainOperatePanel.h">
      <Filter>src\MainScene</Filter>
    </ClInclude>
    <ClInclude Include="..\Classes\MainOperateInfoPanel.h">
      <Filter>src\MainScene</Filter>
    </ClInclude>
    <ClInclude Include="..\Classes\AequitasScene.h">
      <Filter>src\lab\Aequitas（音乐类）</Filter>
    </ClInclude>
    <ClInclude Include="..\Classes\AequitasLayer.h">
      <Filter>src\lab\Aequitas（音乐类）</Filter>
    </ClInclude>
    <ClInclude Include="..\Classes\Component\slot.h">
      <Filter>src\Component</Filter>
    </ClInclude>
    <ClInclude Include="..\Classes\base\MsgCenter.h">
      <Filter>src\base</Filter>
    </ClInclude>
    <ClInclude Include="..\Classes\base\Player.h">
      <Filter>src\base</Filter>
    </ClInclude>
    <ClInclude Include="..\Classes\base\bag.h">
      <Filter>src\base</Filter>
    </ClInclude>
    <ClInclude Include="..\Classes\base\ItemObject.h">
      <Filter>src\base</Filter>
    </ClInclude>
    <ClInclude Include="..\Classes\GLES-Render.h" />
    <ClInclude Include="..\Classes\MagiciteGameContactListener.h">
      <Filter>Magicite\Physics</Filter>
    </ClInclude>
    <ClInclude Include="..\Classes\MagiciteGameLayer.h">
      <Filter>Magicite\Layer</Filter>
    </ClInclude>
    <ClInclude Include="..\Classes\MagiciteGameMap.h">
      <Filter>Magicite\Layer</Filter>
    </ClInclude>
    <ClInclude Include="..\Classes\MagiciteGamePhyLayer.h">
      <Filter>Magicite\Layer</Filter>
    </ClInclude>
    <ClInclude Include="..\Classes\MagiciteScene.h">
      <Filter>Magicite\Scene</Filter>
    </ClInclude>
    <ClInclude Include="..\Classes\MagiciteGamePause.h">
      <Filter>Magicite\Scene</Filter>
    </ClInclude>
    <ClInclude Include="..\Classes\MagiciteGameOver.h">
      <Filter>Magicite\Scene</Filter>
    </ClInclude>
    <ClInclude Include="..\Classes\MagiciteGameWin.h">
      <Filter>Magicite\Scene</Filter>
    </ClInclude>
    <ClInclude Include="..\Classes\MagiciteGameSelectLevel.h">
      <Filter>Magicite\Scene</Filter>
    </ClInclude>
    <ClInclude Include="..\Classes\MagiciteBeginMenu.h">
      <Filter>Magicite\Scene</Filter>
    </ClInclude>
    <ClInclude Include="..\Classes\MagiciteGameChicken.h">
      <Filter>Magicite\GameLogic\Object\Living</Filter>
    </ClInclude>
    <ClInclude Include="..\Classes\MagiciteGameHuman.h">
      <Filter>Magicite\GameLogic\Object\Living</Filter>
    </ClInclude>
    <ClInclude Include="..\Classes\MagiciteGameLiving.h">
      <Filter>Magicite\GameLogic\Object\Living</Filter>
    </ClInclude>
    <ClInclude Include="..\Classes\MagiciteGameMoveAbleLiving.h">
      <Filter>Magicite\GameLogic\Object\Living</Filter>
    </ClInclude>
    <ClInclude Include="..\Classes\MagiciteGameObject.h">
      <Filter>Magicite\GameLogic\Object</Filter>
    </ClInclude>
    <ClInclude Include="..\Classes\MagiciteGameMoveAble.h">
      <Filter>Magicite\GameLogic\Object</Filter>
    </ClInclude>
    <ClInclude Include="..\Classes\MagiciteGamePlayer.h">
      <Filter>Magicite\GameLogic\Object</Filter>
    </ClInclude>
    <ClInclude Include="..\Classes\MagiciteGamePhySprite.h">
      <Filter>Magicite\Physics</Filter>
    </ClInclude>
    <ClInclude Include="..\Classes\MagiciteGamePiranha.h">
      <Filter>Magicite\GameLogic\Object\Living</Filter>
    </ClInclude>
    <ClInclude Include="..\Classes\MagiciteGamePitfall.h">
      <Filter>Magicite\GameLogic\Object\Pitfall</Filter>
    </ClInclude>
    <ClInclude Include="..\Classes\MagiciteGameSpinePitfall.h">
      <Filter>Magicite\GameLogic\Object\Pitfall</Filter>
    </ClInclude>
    <ClInclude Include="..\Classes\AequitasKeyMap.h">
      <Filter>src\lab\Aequitas（音乐类）</Filter>
    </ClInclude>
    <ClInclude Include="..\Classes\MagiciteGameContact.h">
      <Filter>Magicite\Physics</Filter>
    </ClInclude>
    <ClInclude Include="..\Classes\MagiciteGamePhyWorld.h">
      <Filter>Magicite\Physics</Filter>
    </ClInclude>
    <ClInclude Include="..\Classes\MagiciteEffect.h">
      <Filter>Magicite\GameLogic\Effect</Filter>
    </ClInclude>
    <ClInclude Include="..\Classes\MagiciteEffectCreatePitfall.h">
      <Filter>Magicite\GameLogic\Effect\Create</Filter>
    </ClInclude>
    <ClInclude Include="..\Classes\MagiciteEffectBuffer.h">
      <Filter>Magicite\GameLogic\Effect\Value</Filter>
    </ClInclude>
    <ClInclude Include="..\Classes\MagiciteEffectValueChange.h">
      <Filter>Magicite\GameLogic\Effect\Value</Filter>
    </ClInclude>
    <ClInclude Include="..\Classes\MagiciteEffectShoot.h">
      <Filter>Magicite\GameLogic\Effect\Create</Filter>
    </ClInclude>
    <ClInclude Include="..\Classes\MagiciteEffectPositive.h">
      <Filter>Magicite\GameLogic\Effect\Value</Filter>
    </ClInclude>
    <ClInclude Include="..\Classes\MagiciteGameControlAble.h">
      <Filter>Magicite\GameLogic\Object</Filter>
    </ClInclude>
    <ClInclude Include="..\Classes\MagiciteGameSlime.h">
      <Filter>Magicite\GameLogic\Object\Living</Filter>
    </ClInclude>
    <ClInclude Include="..\Classes\MagiciteGameSheep.h">
      <Filter>Magicite\GameLogic\Object\Living</Filter>
    </ClInclude>
    <ClInclude Include="..\Classes\MagiciteGameAmmo.h">
      <Filter>Magicite\GameLogic\Object\Ammo</Filter>
    </ClInclude>
    <ClInclude Include="..\Classes\MagiciteGameFireball.h">
      <Filter>Magicite\GameLogic\Object\Ammo</Filter>
    </ClInclude>
    <ClInclude Include="..\Classes\MagiciteGaemFactoryMethod.h">
      <Filter>Magicite\GameLogic\Manager</Filter>
    </ClInclude>
    <ClInclude Include="..\Classes\MagiciteEffectSpeedUp.h">
      <Filter>Magicite\GameLogic\Effect\Value</Filter>
    </ClInclude>
    <ClInclude Include="..\Classes\MagiciteGameTagManager.h">
      <Filter>Magicite\GameLogic\Manager</Filter>
    </ClInclude>
    <ClInclude Include="..\Classes\MagiciteEffectJumpHigh.h">
      <Filter>Magicite\GameLogic\Effect\Value</Filter>
    </ClInclude>
    <ClInclude Include="..\Classes\MagiciteEffectSprint.h">
      <Filter>Magicite\GameLogic\Effect\Value</Filter>
    </ClInclude>
    <ClInclude Include="..\Classes\MagiciteGameAcid.h">
      <Filter>Magicite\GameLogic\Object\Ammo</Filter>
    </ClInclude>
    <ClInclude Include="..\Classes\MagiciteGameDirt.h">
      <Filter>Magicite\GameLogic\Object\Living</Filter>
    </ClInclude>
    <ClInclude Include="..\Classes\MagiciteGamePet.h">
      <Filter>Magicite\GameLogic\Object\Pet</Filter>
    </ClInclude>
    <ClInclude Include="..\Classes\MagiciteGameIncubator.h">
      <Filter>Magicite\GameLogic\Object\Pet</Filter>
    </ClInclude>
  </ItemGroup>
  <ItemGroup>
    <ResourceCompile Include="game.rc">
      <Filter>resource</Filter>
    </ResourceCompile>
  </ItemGroup>
  <ItemGroup>
    <None Include="ClassDiagram.cd" />
  </ItemGroup>
</Project>